// !$*UTF8*$!
{
	archiveVersion = 1;
	classes = {
	};
	objectVersion = 46;
	objects = {

/* Begin PBXBuildFile section */
		509AFA0F31AE7964FD00C1BB /* libPods-openCV.a in Frameworks */ = {isa = PBXBuildFile; fileRef = ABB7B2A0C1B1CEB1EF39CFCD /* libPods-openCV.a */; };
		53DDDDF61CE6076500FCCE7C /* AppDelegate.swift in Sources */ = {isa = PBXBuildFile; fileRef = 53DDDDF51CE6076500FCCE7C /* AppDelegate.swift */; };
		53DDDDF81CE6076500FCCE7C /* ViewController.swift in Sources */ = {isa = PBXBuildFile; fileRef = 53DDDDF71CE6076500FCCE7C /* ViewController.swift */; };
		53DDDDFB1CE6076500FCCE7C /* Main.storyboard in Resources */ = {isa = PBXBuildFile; fileRef = 53DDDDF91CE6076500FCCE7C /* Main.storyboard */; };
		53DDDDFE1CE6076500FCCE7C /* openCV.xcdatamodeld in Sources */ = {isa = PBXBuildFile; fileRef = 53DDDDFC1CE6076500FCCE7C /* openCV.xcdatamodeld */; };
		53DDDE001CE6076500FCCE7C /* Assets.xcassets in Resources */ = {isa = PBXBuildFile; fileRef = 53DDDDFF1CE6076500FCCE7C /* Assets.xcassets */; };
		53DDDE031CE6076500FCCE7C /* LaunchScreen.storyboard in Resources */ = {isa = PBXBuildFile; fileRef = 53DDDE011CE6076500FCCE7C /* LaunchScreen.storyboard */; };
		53DDDE0E1CE6076500FCCE7C /* openCVTests.swift in Sources */ = {isa = PBXBuildFile; fileRef = 53DDDE0D1CE6076500FCCE7C /* openCVTests.swift */; };
		53DDDE191CE6076500FCCE7C /* openCVUITests.swift in Sources */ = {isa = PBXBuildFile; fileRef = 53DDDE181CE6076500FCCE7C /* openCVUITests.swift */; };
		53E53E3D1CE63F3B002CC6FB /* CameraUtil.swift in Sources */ = {isa = PBXBuildFile; fileRef = 53E53E3C1CE63F3B002CC6FB /* CameraUtil.swift */; };
		53E53E3F1CE64490002CC6FB /* AVFoundation.framework in Frameworks */ = {isa = PBXBuildFile; fileRef = 53E53E3E1CE64490002CC6FB /* AVFoundation.framework */; };
/* End PBXBuildFile section */

/* Begin PBXContainerItemProxy section */
		53DDDE0A1CE6076500FCCE7C /* PBXContainerItemProxy */ = {
			isa = PBXContainerItemProxy;
			containerPortal = 53DDDDEA1CE6076400FCCE7C /* Project object */;
			proxyType = 1;
			remoteGlobalIDString = 53DDDDF11CE6076400FCCE7C;
			remoteInfo = openCV;
		};
		53DDDE151CE6076500FCCE7C /* PBXContainerItemProxy */ = {
			isa = PBXContainerItemProxy;
			containerPortal = 53DDDDEA1CE6076400FCCE7C /* Project object */;
			proxyType = 1;
			remoteGlobalIDString = 53DDDDF11CE6076400FCCE7C;
			remoteInfo = openCV;
		};
/* End PBXContainerItemProxy section */

/* Begin PBXFileReference section */
		53DDDDF21CE6076400FCCE7C /* openCV.app */ = {isa = PBXFileReference; explicitFileType = wrapper.application; includeInIndex = 0; path = openCV.app; sourceTree = BUILT_PRODUCTS_DIR; };
		53DDDDF51CE6076500FCCE7C /* AppDelegate.swift */ = {isa = PBXFileReference; lastKnownFileType = sourcecode.swift; path = AppDelegate.swift; sourceTree = "<group>"; };
		53DDDDF71CE6076500FCCE7C /* ViewController.swift */ = {isa = PBXFileReference; lastKnownFileType = sourcecode.swift; path = ViewController.swift; sourceTree = "<group>"; };
		53DDDDFA1CE6076500FCCE7C /* Base */ = {isa = PBXFileReference; lastKnownFileType = file.storyboard; name = Base; path = Base.lproj/Main.storyboard; sourceTree = "<group>"; };
		53DDDDFD1CE6076500FCCE7C /* openCV.xcdatamodel */ = {isa = PBXFileReference; lastKnownFileType = wrapper.xcdatamodel; path = openCV.xcdatamodel; sourceTree = "<group>"; };
		53DDDDFF1CE6076500FCCE7C /* Assets.xcassets */ = {isa = PBXFileReference; lastKnownFileType = folder.assetcatalog; path = Assets.xcassets; sourceTree = "<group>"; };
		53DDDE021CE6076500FCCE7C /* Base */ = {isa = PBXFileReference; lastKnownFileType = file.storyboard; name = Base; path = Base.lproj/LaunchScreen.storyboard; sourceTree = "<group>"; };
		53DDDE041CE6076500FCCE7C /* Info.plist */ = {isa = PBXFileReference; lastKnownFileType = text.plist.xml; path = Info.plist; sourceTree = "<group>"; };
		53DDDE091CE6076500FCCE7C /* openCVTests.xctest */ = {isa = PBXFileReference; explicitFileType = wrapper.cfbundle; includeInIndex = 0; path = openCVTests.xctest; sourceTree = BUILT_PRODUCTS_DIR; };
		53DDDE0D1CE6076500FCCE7C /* openCVTests.swift */ = {isa = PBXFileReference; lastKnownFileType = sourcecode.swift; path = openCVTests.swift; sourceTree = "<group>"; };
		53DDDE0F1CE6076500FCCE7C /* Info.plist */ = {isa = PBXFileReference; lastKnownFileType = text.plist.xml; path = Info.plist; sourceTree = "<group>"; };
		53DDDE141CE6076500FCCE7C /* openCVUITests.xctest */ = {isa = PBXFileReference; explicitFileType = wrapper.cfbundle; includeInIndex = 0; path = openCVUITests.xctest; sourceTree = BUILT_PRODUCTS_DIR; };
		53DDDE181CE6076500FCCE7C /* openCVUITests.swift */ = {isa = PBXFileReference; lastKnownFileType = sourcecode.swift; path = openCVUITests.swift; sourceTree = "<group>"; };
		53DDDE1A1CE6076500FCCE7C /* Info.plist */ = {isa = PBXFileReference; lastKnownFileType = text.plist.xml; path = Info.plist; sourceTree = "<group>"; };
		53E53E3C1CE63F3B002CC6FB /* CameraUtil.swift */ = {isa = PBXFileReference; fileEncoding = 4; lastKnownFileType = sourcecode.swift; path = CameraUtil.swift; sourceTree = "<group>"; };
		53E53E3E1CE64490002CC6FB /* AVFoundation.framework */ = {isa = PBXFileReference; lastKnownFileType = wrapper.framework; name = AVFoundation.framework; path = System/Library/Frameworks/AVFoundation.framework; sourceTree = SDKROOT; };
		53E53E401CE6456B002CC6FB /* opencv2.framework */ = {isa = PBXFileReference; lastKnownFileType = wrapper.framework; name = opencv2.framework; path = Pods/OpenCV/opencv2.framework; sourceTree = "<group>"; };
		ABB7B2A0C1B1CEB1EF39CFCD /* libPods-openCV.a */ = {isa = PBXFileReference; explicitFileType = archive.ar; includeInIndex = 0; path = "libPods-openCV.a"; sourceTree = BUILT_PRODUCTS_DIR; };
		BAC7882340D145F784B49FC8 /* Pods-openCV.debug.xcconfig */ = {isa = PBXFileReference; includeInIndex = 1; lastKnownFileType = text.xcconfig; name = "Pods-openCV.debug.xcconfig"; path = "Pods/Target Support Files/Pods-openCV/Pods-openCV.debug.xcconfig"; sourceTree = "<group>"; };
		D8521024ADF582EE594B74E8 /* Pods-openCV.release.xcconfig */ = {isa = PBXFileReference; includeInIndex = 1; lastKnownFileType = text.xcconfig; name = "Pods-openCV.release.xcconfig"; path = "Pods/Target Support Files/Pods-openCV/Pods-openCV.release.xcconfig"; sourceTree = "<group>"; };
/* End PBXFileReference section */

/* Begin PBXFrameworksBuildPhase section */
		53DDDDEF1CE6076400FCCE7C /* Frameworks */ = {
			isa = PBXFrameworksBuildPhase;
			buildActionMask = 2147483647;
			files = (
				53E53E3F1CE64490002CC6FB /* AVFoundation.framework in Frameworks */,
				509AFA0F31AE7964FD00C1BB /* libPods-openCV.a in Frameworks */,
			);
			runOnlyForDeploymentPostprocessing = 0;
		};
		53DDDE061CE6076500FCCE7C /* Frameworks */ = {
			isa = PBXFrameworksBuildPhase;
			buildActionMask = 2147483647;
			files = (
			);
			runOnlyForDeploymentPostprocessing = 0;
		};
		53DDDE111CE6076500FCCE7C /* Frameworks */ = {
			isa = PBXFrameworksBuildPhase;
			buildActionMask = 2147483647;
			files = (
			);
			runOnlyForDeploymentPostprocessing = 0;
		};
/* End PBXFrameworksBuildPhase section */

/* Begin PBXGroup section */
		114B9596BBA41B66D1D03C46 /* Frameworks */ = {
			isa = PBXGroup;
			children = (
				53E53E401CE6456B002CC6FB /* opencv2.framework */,
				53E53E3E1CE64490002CC6FB /* AVFoundation.framework */,
				ABB7B2A0C1B1CEB1EF39CFCD /* libPods-openCV.a */,
			);
			name = Frameworks;
			sourceTree = "<group>";
		};
		53DDDDE91CE6076400FCCE7C = {
			isa = PBXGroup;
			children = (
				53DDDDF41CE6076500FCCE7C /* openCV */,
				53DDDE0C1CE6076500FCCE7C /* openCVTests */,
				53DDDE171CE6076500FCCE7C /* openCVUITests */,
				53DDDDF31CE6076400FCCE7C /* Products */,
				E8F7C208D85EF386F4A8EB9B /* Pods */,
				114B9596BBA41B66D1D03C46 /* Frameworks */,
			);
			sourceTree = "<group>";
		};
		53DDDDF31CE6076400FCCE7C /* Products */ = {
			isa = PBXGroup;
			children = (
				53DDDDF21CE6076400FCCE7C /* openCV.app */,
				53DDDE091CE6076500FCCE7C /* openCVTests.xctest */,
				53DDDE141CE6076500FCCE7C /* openCVUITests.xctest */,
			);
			name = Products;
			sourceTree = "<group>";
		};
		53DDDDF41CE6076500FCCE7C /* openCV */ = {
			isa = PBXGroup;
			children = (
				53DDDDF51CE6076500FCCE7C /* AppDelegate.swift */,
				53DDDDF71CE6076500FCCE7C /* ViewController.swift */,
				53E53E3C1CE63F3B002CC6FB /* CameraUtil.swift */,
				53DDDDF91CE6076500FCCE7C /* Main.storyboard */,
				53DDDDFF1CE6076500FCCE7C /* Assets.xcassets */,
				53DDDE011CE6076500FCCE7C /* LaunchScreen.storyboard */,
				53DDDE041CE6076500FCCE7C /* Info.plist */,
				53DDDDFC1CE6076500FCCE7C /* openCV.xcdatamodeld */,
			);
			path = openCV;
			sourceTree = "<group>";
		};
		53DDDE0C1CE6076500FCCE7C /* openCVTests */ = {
			isa = PBXGroup;
			children = (
				53DDDE0D1CE6076500FCCE7C /* openCVTests.swift */,
				53DDDE0F1CE6076500FCCE7C /* Info.plist */,
			);
			path = openCVTests;
			sourceTree = "<group>";
		};
		53DDDE171CE6076500FCCE7C /* openCVUITests */ = {
			isa = PBXGroup;
			children = (
				53DDDE181CE6076500FCCE7C /* openCVUITests.swift */,
				53DDDE1A1CE6076500FCCE7C /* Info.plist */,
			);
			path = openCVUITests;
			sourceTree = "<group>";
		};
		E8F7C208D85EF386F4A8EB9B /* Pods */ = {
			isa = PBXGroup;
			children = (
				BAC7882340D145F784B49FC8 /* Pods-openCV.debug.xcconfig */,
				D8521024ADF582EE594B74E8 /* Pods-openCV.release.xcconfig */,
			);
			name = Pods;
			sourceTree = "<group>";
		};
/* End PBXGroup section */

/* Begin PBXNativeTarget section */
		53DDDDF11CE6076400FCCE7C /* openCV */ = {
			isa = PBXNativeTarget;
			buildConfigurationList = 53DDDE1D1CE6076500FCCE7C /* Build configuration list for PBXNativeTarget "openCV" */;
			buildPhases = (
				ED0CCF647203763E067E73BC /* Check Pods Manifest.lock */,
				53DDDDEE1CE6076400FCCE7C /* Sources */,
				53DDDDEF1CE6076400FCCE7C /* Frameworks */,
				53DDDDF01CE6076400FCCE7C /* Resources */,
				0DCEAD8CA335F4FDA0BD5756 /* Embed Pods Frameworks */,
				558F4A99B8FBCA46318BA76A /* Copy Pods Resources */,
			);
			buildRules = (
			);
			dependencies = (
			);
			name = openCV;
			productName = openCV;
			productReference = 53DDDDF21CE6076400FCCE7C /* openCV.app */;
			productType = "com.apple.product-type.application";
		};
		53DDDE081CE6076500FCCE7C /* openCVTests */ = {
			isa = PBXNativeTarget;
			buildConfigurationList = 53DDDE201CE6076500FCCE7C /* Build configuration list for PBXNativeTarget "openCVTests" */;
			buildPhases = (
				53DDDE051CE6076500FCCE7C /* Sources */,
				53DDDE061CE6076500FCCE7C /* Frameworks */,
				53DDDE071CE6076500FCCE7C /* Resources */,
			);
			buildRules = (
			);
			dependencies = (
				53DDDE0B1CE6076500FCCE7C /* PBXTargetDependency */,
			);
			name = openCVTests;
			productName = openCVTests;
			productReference = 53DDDE091CE6076500FCCE7C /* openCVTests.xctest */;
			productType = "com.apple.product-type.bundle.unit-test";
		};
		53DDDE131CE6076500FCCE7C /* openCVUITests */ = {
			isa = PBXNativeTarget;
			buildConfigurationList = 53DDDE231CE6076500FCCE7C /* Build configuration list for PBXNativeTarget "openCVUITests" */;
			buildPhases = (
				53DDDE101CE6076500FCCE7C /* Sources */,
				53DDDE111CE6076500FCCE7C /* Frameworks */,
				53DDDE121CE6076500FCCE7C /* Resources */,
			);
			buildRules = (
			);
			dependencies = (
				53DDDE161CE6076500FCCE7C /* PBXTargetDependency */,
			);
			name = openCVUITests;
			productName = openCVUITests;
			productReference = 53DDDE141CE6076500FCCE7C /* openCVUITests.xctest */;
			productType = "com.apple.product-type.bundle.ui-testing";
		};
/* End PBXNativeTarget section */

/* Begin PBXProject section */
		53DDDDEA1CE6076400FCCE7C /* Project object */ = {
			isa = PBXProject;
			attributes = {
				LastSwiftUpdateCheck = 0730;
				LastUpgradeCheck = 0730;
				ORGANIZATIONNAME = "mebro Inc.";
				TargetAttributes = {
					53DDDDF11CE6076400FCCE7C = {
						CreatedOnToolsVersion = 7.3.1;
					};
					53DDDE081CE6076500FCCE7C = {
						CreatedOnToolsVersion = 7.3.1;
						TestTargetID = 53DDDDF11CE6076400FCCE7C;
					};
					53DDDE131CE6076500FCCE7C = {
						CreatedOnToolsVersion = 7.3.1;
						TestTargetID = 53DDDDF11CE6076400FCCE7C;
					};
				};
			};
			buildConfigurationList = 53DDDDED1CE6076400FCCE7C /* Build configuration list for PBXProject "openCV" */;
			compatibilityVersion = "Xcode 3.2";
			developmentRegion = English;
			hasScannedForEncodings = 0;
			knownRegions = (
				en,
				Base,
			);
			mainGroup = 53DDDDE91CE6076400FCCE7C;
			productRefGroup = 53DDDDF31CE6076400FCCE7C /* Products */;
			projectDirPath = "";
			projectRoot = "";
			targets = (
				53DDDDF11CE6076400FCCE7C /* openCV */,
				53DDDE081CE6076500FCCE7C /* openCVTests */,
				53DDDE131CE6076500FCCE7C /* openCVUITests */,
			);
		};
/* End PBXProject section */

/* Begin PBXResourcesBuildPhase section */
		53DDDDF01CE6076400FCCE7C /* Resources */ = {
			isa = PBXResourcesBuildPhase;
			buildActionMask = 2147483647;
			files = (
				53DDDE031CE6076500FCCE7C /* LaunchScreen.storyboard in Resources */,
				53DDDE001CE6076500FCCE7C /* Assets.xcassets in Resources */,
				53DDDDFB1CE6076500FCCE7C /* Main.storyboard in Resources */,
			);
			runOnlyForDeploymentPostprocessing = 0;
		};
		53DDDE071CE6076500FCCE7C /* Resources */ = {
			isa = PBXResourcesBuildPhase;
			buildActionMask = 2147483647;
			files = (
			);
			runOnlyForDeploymentPostprocessing = 0;
		};
		53DDDE121CE6076500FCCE7C /* Resources */ = {
			isa = PBXResourcesBuildPhase;
			buildActionMask = 2147483647;
			files = (
			);
			runOnlyForDeploymentPostprocessing = 0;
		};
/* End PBXResourcesBuildPhase section */

/* Begin PBXShellScriptBuildPhase section */
		0DCEAD8CA335F4FDA0BD5756 /* Embed Pods Frameworks */ = {
			isa = PBXShellScriptBuildPhase;
			buildActionMask = 2147483647;
			files = (
			);
			inputPaths = (
			);
			name = "Embed Pods Frameworks";
			outputPaths = (
			);
			runOnlyForDeploymentPostprocessing = 0;
			shellPath = /bin/sh;
			shellScript = "\"${SRCROOT}/Pods/Target Support Files/Pods-openCV/Pods-openCV-frameworks.sh\"\n";
			showEnvVarsInLog = 0;
		};
		558F4A99B8FBCA46318BA76A /* Copy Pods Resources */ = {
			isa = PBXShellScriptBuildPhase;
			buildActionMask = 2147483647;
			files = (
			);
			inputPaths = (
			);
			name = "Copy Pods Resources";
			outputPaths = (
			);
			runOnlyForDeploymentPostprocessing = 0;
			shellPath = /bin/sh;
			shellScript = "\"${SRCROOT}/Pods/Target Support Files/Pods-openCV/Pods-openCV-resources.sh\"\n";
			showEnvVarsInLog = 0;
		};
		ED0CCF647203763E067E73BC /* Check Pods Manifest.lock */ = {
			isa = PBXShellScriptBuildPhase;
			buildActionMask = 2147483647;
			files = (
			);
			inputPaths = (
			);
			name = "Check Pods Manifest.lock";
			outputPaths = (
			);
			runOnlyForDeploymentPostprocessing = 0;
			shellPath = /bin/sh;
			shellScript = "diff \"${PODS_ROOT}/../Podfile.lock\" \"${PODS_ROOT}/Manifest.lock\" > /dev/null\nif [[ $? != 0 ]] ; then\n    cat << EOM\nerror: The sandbox is not in sync with the Podfile.lock. Run 'pod install' or update your CocoaPods installation.\nEOM\n    exit 1\nfi\n";
			showEnvVarsInLog = 0;
		};
/* End PBXShellScriptBuildPhase section */

/* Begin PBXSourcesBuildPhase section */
		53DDDDEE1CE6076400FCCE7C /* Sources */ = {
			isa = PBXSourcesBuildPhase;
			buildActionMask = 2147483647;
			files = (
				53DDDDF81CE6076500FCCE7C /* ViewController.swift in Sources */,
				53DDDDF61CE6076500FCCE7C /* AppDelegate.swift in Sources */,
				53E53E3D1CE63F3B002CC6FB /* CameraUtil.swift in Sources */,
				53DDDDFE1CE6076500FCCE7C /* openCV.xcdatamodeld in Sources */,
			);
			runOnlyForDeploymentPostprocessing = 0;
		};
		53DDDE051CE6076500FCCE7C /* Sources */ = {
			isa = PBXSourcesBuildPhase;
			buildActionMask = 2147483647;
			files = (
				53DDDE0E1CE6076500FCCE7C /* openCVTests.swift in Sources */,
			);
			runOnlyForDeploymentPostprocessing = 0;
		};
		53DDDE101CE6076500FCCE7C /* Sources */ = {
			isa = PBXSourcesBuildPhase;
			buildActionMask = 2147483647;
			files = (
				53DDDE191CE6076500FCCE7C /* openCVUITests.swift in Sources */,
			);
			runOnlyForDeploymentPostprocessing = 0;
		};
/* End PBXSourcesBuildPhase section */

/* Begin PBXTargetDependency section */
		53DDDE0B1CE6076500FCCE7C /* PBXTargetDependency */ = {
			isa = PBXTargetDependency;
			target = 53DDDDF11CE6076400FCCE7C /* openCV */;
			targetProxy = 53DDDE0A1CE6076500FCCE7C /* PBXContainerItemProxy */;
		};
		53DDDE161CE6076500FCCE7C /* PBXTargetDependency */ = {
			isa = PBXTargetDependency;
			target = 53DDDDF11CE6076400FCCE7C /* openCV */;
			targetProxy = 53DDDE151CE6076500FCCE7C /* PBXContainerItemProxy */;
		};
/* End PBXTargetDependency section */

/* Begin PBXVariantGroup section */
		53DDDDF91CE6076500FCCE7C /* Main.storyboard */ = {
			isa = PBXVariantGroup;
			children = (
				53DDDDFA1CE6076500FCCE7C /* Base */,
			);
			name = Main.storyboard;
			sourceTree = "<group>";
		};
		53DDDE011CE6076500FCCE7C /* LaunchScreen.storyboard */ = {
			isa = PBXVariantGroup;
			children = (
				53DDDE021CE6076500FCCE7C /* Base */,
			);
			name = LaunchScreen.storyboard;
			sourceTree = "<group>";
		};
/* End PBXVariantGroup section */

/* Begin XCBuildConfiguration section */
		53DDDE1B1CE6076500FCCE7C /* Debug */ = {
			isa = XCBuildConfiguration;
			buildSettings = {
				ALWAYS_SEARCH_USER_PATHS = NO;
				CLANG_ANALYZER_NONNULL = YES;
				CLANG_CXX_LANGUAGE_STANDARD = "gnu++0x";
				CLANG_CXX_LIBRARY = "libc++";
				CLANG_ENABLE_MODULES = YES;
				CLANG_ENABLE_OBJC_ARC = YES;
				CLANG_WARN_BOOL_CONVERSION = YES;
				CLANG_WARN_CONSTANT_CONVERSION = YES;
				CLANG_WARN_DIRECT_OBJC_ISA_USAGE = YES_ERROR;
				CLANG_WARN_EMPTY_BODY = YES;
				CLANG_WARN_ENUM_CONVERSION = YES;
				CLANG_WARN_INT_CONVERSION = YES;
				CLANG_WARN_OBJC_ROOT_CLASS = YES_ERROR;
				CLANG_WARN_UNREACHABLE_CODE = YES;
				CLANG_WARN__DUPLICATE_METHOD_MATCH = YES;
				"CODE_SIGN_IDENTITY[sdk=iphoneos*]" = "iPhone Developer";
				COPY_PHASE_STRIP = NO;
				DEBUG_INFORMATION_FORMAT = dwarf;
				ENABLE_STRICT_OBJC_MSGSEND = YES;
				ENABLE_TESTABILITY = YES;
				GCC_C_LANGUAGE_STANDARD = gnu99;
				GCC_DYNAMIC_NO_PIC = NO;
				GCC_NO_COMMON_BLOCKS = YES;
				GCC_OPTIMIZATION_LEVEL = 0;
				GCC_PREPROCESSOR_DEFINITIONS = (
					"DEBUG=1",
					"$(inherited)",
				);
				GCC_WARN_64_TO_32_BIT_CONVERSION = YES;
				GCC_WARN_ABOUT_RETURN_TYPE = YES_ERROR;
				GCC_WARN_UNDECLARED_SELECTOR = YES;
				GCC_WARN_UNINITIALIZED_AUTOS = YES_AGGRESSIVE;
				GCC_WARN_UNUSED_FUNCTION = YES;
				GCC_WARN_UNUSED_VARIABLE = YES;
				IPHONEOS_DEPLOYMENT_TARGET = 9.3;
				MTL_ENABLE_DEBUG_INFO = YES;
				ONLY_ACTIVE_ARCH = YES;
				SDKROOT = iphoneos;
				SWIFT_OPTIMIZATION_LEVEL = "-Onone";
				TARGETED_DEVICE_FAMILY = "1,2";
			};
			name = Debug;
		};
		53DDDE1C1CE6076500FCCE7C /* Release */ = {
			isa = XCBuildConfiguration;
			buildSettings = {
				ALWAYS_SEARCH_USER_PATHS = NO;
				CLANG_ANALYZER_NONNULL = YES;
				CLANG_CXX_LANGUAGE_STANDARD = "gnu++0x";
				CLANG_CXX_LIBRARY = "libc++";
				CLANG_ENABLE_MODULES = YES;
				CLANG_ENABLE_OBJC_ARC = YES;
				CLANG_WARN_BOOL_CONVERSION = YES;
				CLANG_WARN_CONSTANT_CONVERSION = YES;
				CLANG_WARN_DIRECT_OBJC_ISA_USAGE = YES_ERROR;
				CLANG_WARN_EMPTY_BODY = YES;
				CLANG_WARN_ENUM_CONVERSION = YES;
				CLANG_WARN_INT_CONVERSION = YES;
				CLANG_WARN_OBJC_ROOT_CLASS = YES_ERROR;
				CLANG_WARN_UNREACHABLE_CODE = YES;
				CLANG_WARN__DUPLICATE_METHOD_MATCH = YES;
				"CODE_SIGN_IDENTITY[sdk=iphoneos*]" = "iPhone Developer";
				COPY_PHASE_STRIP = NO;
				DEBUG_INFORMATION_FORMAT = "dwarf-with-dsym";
				ENABLE_NS_ASSERTIONS = NO;
				ENABLE_STRICT_OBJC_MSGSEND = YES;
				GCC_C_LANGUAGE_STANDARD = gnu99;
				GCC_NO_COMMON_BLOCKS = YES;
				GCC_WARN_64_TO_32_BIT_CONVERSION = YES;
				GCC_WARN_ABOUT_RETURN_TYPE = YES_ERROR;
				GCC_WARN_UNDECLARED_SELECTOR = YES;
				GCC_WARN_UNINITIALIZED_AUTOS = YES_AGGRESSIVE;
				GCC_WARN_UNUSED_FUNCTION = YES;
				GCC_WARN_UNUSED_VARIABLE = YES;
				IPHONEOS_DEPLOYMENT_TARGET = 9.3;
				MTL_ENABLE_DEBUG_INFO = NO;
				SDKROOT = iphoneos;
				TARGETED_DEVICE_FAMILY = "1,2";
				VALIDATE_PRODUCT = YES;
			};
			name = Release;
		};
		53DDDE1E1CE6076500FCCE7C /* Debug */ = {
			isa = XCBuildConfiguration;
			baseConfigurationReference = BAC7882340D145F784B49FC8 /* Pods-openCV.debug.xcconfig */;
			buildSettings = {
				ASSETCATALOG_COMPILER_APPICON_NAME = AppIcon;
				ENABLE_BITCODE = NO;
				FRAMEWORK_SEARCH_PATHS = (
					"$(inherited)",
					"$(PROJECT_DIR)/Pods/OpenCV",
				);
				INFOPLIST_FILE = openCV/Info.plist;
				LD_RUNPATH_SEARCH_PATHS = "$(inherited) @executable_path/Frameworks";
				PRODUCT_BUNDLE_IDENTIFIER = jp.co.mebro.openCV;
				PRODUCT_NAME = "$(TARGET_NAME)";
			};
			name = Debug;
		};
		53DDDE1F1CE6076500FCCE7C /* Release */ = {
			isa = XCBuildConfiguration;
			baseConfigurationReference = D8521024ADF582EE594B74E8 /* Pods-openCV.release.xcconfig */;
			buildSettings = {
				ASSETCATALOG_COMPILER_APPICON_NAME = AppIcon;
				ENABLE_BITCODE = NO;
				FRAMEWORK_SEARCH_PATHS = (
					"$(inherited)",
					"$(PROJECT_DIR)/Pods/OpenCV",
				);
				INFOPLIST_FILE = openCV/Info.plist;
				LD_RUNPATH_SEARCH_PATHS = "$(inherited) @executable_path/Frameworks";
				PRODUCT_BUNDLE_IDENTIFIER = jp.co.mebro.openCV;
				PRODUCT_NAME = "$(TARGET_NAME)";
			};
			name = Release;
		};
		53DDDE211CE6076500FCCE7C /* Debug */ = {
			isa = XCBuildConfiguration;
			buildSettings = {
				BUNDLE_LOADER = "$(TEST_HOST)";
				INFOPLIST_FILE = openCVTests/Info.plist;
				LD_RUNPATH_SEARCH_PATHS = "$(inherited) @executable_path/Frameworks @loader_path/Frameworks";
				PRODUCT_BUNDLE_IDENTIFIER = jp.co.mebro.openCVTests;
				PRODUCT_NAME = "$(TARGET_NAME)";
				TEST_HOST = "$(BUILT_PRODUCTS_DIR)/openCV.app/openCV";
			};
			name = Debug;
		};
		53DDDE221CE6076500FCCE7C /* Release */ = {
			isa = XCBuildConfiguration;
			buildSettings = {
				BUNDLE_LOADER = "$(TEST_HOST)";
				INFOPLIST_FILE = openCVTests/Info.plist;
				LD_RUNPATH_SEARCH_PATHS = "$(inherited) @executable_path/Frameworks @loader_path/Frameworks";
				PRODUCT_BUNDLE_IDENTIFIER = jp.co.mebro.openCVTests;
				PRODUCT_NAME = "$(TARGET_NAME)";
				TEST_HOST = "$(BUILT_PRODUCTS_DIR)/openCV.app/openCV";
			};
			name = Release;
		};
		53DDDE241CE6076500FCCE7C /* Debug */ = {
			isa = XCBuildConfiguration;
			buildSettings = {
				INFOPLIST_FILE = openCVUITests/Info.plist;
				LD_RUNPATH_SEARCH_PATHS = "$(inherited) @executable_path/Frameworks @loader_path/Frameworks";
				PRODUCT_BUNDLE_IDENTIFIER = jp.co.mebro.openCVUITests;
				PRODUCT_NAME = "$(TARGET_NAME)";
				TEST_TARGET_NAME = openCV;
			};
			name = Debug;
		};
		53DDDE251CE6076500FCCE7C /* Release */ = {
			isa = XCBuildConfiguration;
			buildSettings = {
				INFOPLIST_FILE = openCVUITests/Info.plist;
				LD_RUNPATH_SEARCH_PATHS = "$(inherited) @executable_path/Frameworks @loader_path/Frameworks";
				PRODUCT_BUNDLE_IDENTIFIER = jp.co.mebro.openCVUITests;
				PRODUCT_NAME = "$(TARGET_NAME)";
				TEST_TARGET_NAME = openCV;
			};
			name = Release;
		};
/* End XCBuildConfiguration section */

/* Begin XCConfigurationList section */
		53DDDDED1CE6076400FCCE7C /* Build configuration list for PBXProject "openCV" */ = {
			isa = XCConfigurationList;
			buildConfigurations = (
				53DDDE1B1CE6076500FCCE7C /* Debug */,
				53DDDE1C1CE6076500FCCE7C /* Release */,
			);
			defaultConfigurationIsVisible = 0;
			defaultConfigurationName = Release;
		};
		53DDDE1D1CE6076500FCCE7C /* Build configuration list for PBXNativeTarget "openCV" */ = {
			isa = XCConfigurationList;
			buildConfigurations = (
				53DDDE1E1CE6076500FCCE7C /* Debug */,
				53DDDE1F1CE6076500FCCE7C /* Release */,
			);
			defaultConfigurationIsVisible = 0;
			defaultConfigurationName = Release;
		};
		53DDDE201CE6076500FCCE7C /* Build configuration list for PBXNativeTarget "openCVTests" */ = {
			isa = XCConfigurationList;
			buildConfigurations = (
				53DDDE211CE6076500FCCE7C /* Debug */,
				53DDDE221CE6076500FCCE7C /* Release */,
			);
			defaultConfigurationIsVisible = 0;
			defaultConfigurationName = Release;
		};
		53DDDE231CE6076500FCCE7C /* Build configuration list for PBXNativeTarget "openCVUITests" */ = {
			isa = XCConfigurationList;
			buildConfigurations = (
				53DDDE241CE6076500FCCE7C /* Debug */,
				53DDDE251CE6076500FCCE7C /* Release */,
			);
			defaultConfigurationIsVisible = 0;
			defaultConfigurationName = Release;
		};
/* End XCConfigurationList section */

/* Begin XCVersionGroup section */
		53DDDDFC1CE6076500FCCE7C /* openCV.xcdatamodeld */ = {
			isa = XCVersionGroup;
			children = (
				53DDDDFD1CE6076500FCCE7C /* openCV.xcdatamodel */,
			);
			currentVersion = 53DDDDFD1CE6076500FCCE7C /* openCV.xcdatamodel */;
			path = openCV.xcdatamodeld;
			sourceTree = "<group>";
			versionGroupType = wrapper.xcdatamodel;
		};
/* End XCVersionGroup section */
	};
	rootObject = 53DDDDEA1CE6076400FCCE7C /* Project object */;
}
